
Microsoft Visual Studio Solution File, Format Version 12.00
# Visual Studio Version 16
VisualStudioVersion = 16.0.30114.105
MinimumVisualStudioVersion = 10.0.40219.1
Project("{FAE04EC0-301F-11D3-BF4B-00C04F79EFBC}") = "R5T.Norsica.Commands", "R5T.Norsica.Commands\R5T.Norsica.Commands.csproj", "{A2783854-1AC2-493E-952D-3F236573912B}"
EndProject
Project("{FAE04EC0-301F-11D3-BF4B-00C04F79EFBC}") = "R5T.Norsica.Commands.Construction", "R5T.Norsica.Commands.Construction\R5T.Norsica.Commands.Construction.csproj", "{E5A3C0C5-D555-4F52-A67C-D7A9661FBA52}"
EndProject
Project("{FAE04EC0-301F-11D3-BF4B-00C04F79EFBC}") = "R5T.Norsica.Commands.Testing", "R5T.Norsica.Commands.Testing\R5T.Norsica.Commands.Testing.csproj", "{1C02BB2C-0E4B-4F11-BDE5-7B73579535D6}"
EndProject
Global
	GlobalSection(SolutionConfigurationPlatforms) = preSolution
		Debug|Any CPU = Debug|Any CPU
		Debug|x64 = Debug|x64
		Debug|x86 = Debug|x86
		Release|Any CPU = Release|Any CPU
		Release|x64 = Release|x64
		Release|x86 = Release|x86
	EndGlobalSection
	GlobalSection(SolutionProperties) = preSolution
		HideSolutionNode = FALSE
	EndGlobalSection
	GlobalSection(ProjectConfigurationPlatforms) = postSolution
		{A2783854-1AC2-493E-952D-3F236573912B}.Debug|Any CPU.ActiveCfg = Debug|Any CPU
		{A2783854-1AC2-493E-952D-3F236573912B}.Debug|Any CPU.Build.0 = Debug|Any CPU
		{A2783854-1AC2-493E-952D-3F236573912B}.Debug|x64.ActiveCfg = Debug|Any CPU
		{A2783854-1AC2-493E-952D-3F236573912B}.Debug|x64.Build.0 = Debug|Any CPU
		{A2783854-1AC2-493E-952D-3F236573912B}.Debug|x86.ActiveCfg = Debug|Any CPU
		{A2783854-1AC2-493E-952D-3F236573912B}.Debug|x86.Build.0 = Debug|Any CPU
		{A2783854-1AC2-493E-952D-3F236573912B}.Release|Any CPU.ActiveCfg = Release|Any CPU
		{A2783854-1AC2-493E-952D-3F236573912B}.Release|Any CPU.Build.0 = Release|Any CPU
		{A2783854-1AC2-493E-952D-3F236573912B}.Release|x64.ActiveCfg = Release|Any CPU
		{A2783854-1AC2-493E-952D-3F236573912B}.Release|x64.Build.0 = Release|Any CPU
		{A2783854-1AC2-493E-952D-3F236573912B}.Release|x86.ActiveCfg = Release|Any CPU
		{A2783854-1AC2-493E-952D-3F236573912B}.Release|x86.Build.0 = Release|Any CPU
		{E5A3C0C5-D555-4F52-A67C-D7A9661FBA52}.Debug|Any CPU.ActiveCfg = Debug|Any CPU
		{E5A3C0C5-D555-4F52-A67C-D7A9661FBA52}.Debug|Any CPU.Build.0 = Debug|Any CPU
		{E5A3C0C5-D555-4F52-A67C-D7A9661FBA52}.Debug|x64.ActiveCfg = Debug|Any CPU
		{E5A3C0C5-D555-4F52-A67C-D7A9661FBA52}.Debug|x64.Build.0 = Debug|Any CPU
		{E5A3C0C5-D555-4F52-A67C-D7A9661FBA52}.Debug|x86.ActiveCfg = Debug|Any CPU
		{E5A3C0C5-D555-4F52-A67C-D7A9661FBA52}.Debug|x86.Build.0 = Debug|Any CPU
		{E5A3C0C5-D555-4F52-A67C-D7A9661FBA52}.Release|Any CPU.ActiveCfg = Release|Any CPU
		{E5A3C0C5-D555-4F52-A67C-D7A9661FBA52}.Release|Any CPU.Build.0 = Release|Any CPU
		{E5A3C0C5-D555-4F52-A67C-D7A9661FBA52}.Release|x64.ActiveCfg = Release|Any CPU
		{E5A3C0C5-D555-4F52-A67C-D7A9661FBA52}.Release|x64.Build.0 = Release|Any CPU
		{E5A3C0C5-D555-4F52-A67C-D7A9661FBA52}.Release|x86.ActiveCfg = Release|Any CPU
		{E5A3C0C5-D555-4F52-A67C-D7A9661FBA52}.Release|x86.Build.0 = Release|Any CPU
		{1C02BB2C-0E4B-4F11-BDE5-7B73579535D6}.Debug|Any CPU.ActiveCfg = Debug|Any CPU
		{1C02BB2C-0E4B-4F11-BDE5-7B73579535D6}.Debug|Any CPU.Build.0 = Debug|Any CPU
		{1C02BB2C-0E4B-4F11-BDE5-7B73579535D6}.Debug|x64.ActiveCfg = Debug|Any CPU
		{1C02BB2C-0E4B-4F11-BDE5-7B73579535D6}.Debug|x64.Build.0 = Debug|Any CPU
		{1C02BB2C-0E4B-4F11-BDE5-7B73579535D6}.Debug|x86.ActiveCfg = Debug|Any CPU
		{1C02BB2C-0E4B-4F11-BDE5-7B73579535D6}.Debug|x86.Build.0 = Debug|Any CPU
		{1C02BB2C-0E4B-4F11-BDE5-7B73579535D6}.Release|Any CPU.ActiveCfg = Release|Any CPU
		{1C02BB2C-0E4B-4F11-BDE5-7B73579535D6}.Release|Any CPU.Build.0 = Release|Any CPU
		{1C02BB2C-0E4B-4F11-BDE5-7B73579535D6}.Release|x64.ActiveCfg = Release|Any CPU
		{1C02BB2C-0E4B-4F11-BDE5-7B73579535D6}.Release|x64.Build.0 = Release|Any CPU
		{1C02BB2C-0E4B-4F11-BDE5-7B73579535D6}.Release|x86.ActiveCfg = Release|Any CPU
		{1C02BB2C-0E4B-4F11-BDE5-7B73579535D6}.Release|x86.Build.0 = Release|Any CPU
	EndGlobalSection
EndGlobal
